
Microsoft Visual Studio Solution File, Format Version 12.00
# Visual Studio Version 17
VisualStudioVersion = 17.5.002.0
MinimumVisualStudioVersion = 10.0.40219.1
Project("{9A19103F-16F7-4668-BE54-9A1E7A4F7556}") = "Record", "Record.csproj", "{20ED0185-4478-488F-BC22-FD35352267D1}"
EndProject
Global
	GlobalSection(SolutionConfigurationPlatforms) = preSolution
		Debug|Any CPU = Debug|Any CPU
		Release|Any CPU = Release|Any CPU
	EndGlobalSection
	GlobalSection(ProjectConfigurationPlatforms) = postSolution
		{20ED0185-4478-488F-BC22-FD35352267D1}.Debug|Any CPU.ActiveCfg = Debug|Any CPU
		{20ED0185-4478-488F-BC22-FD35352267D1}.Debug|Any CPU.Build.0 = Debug|Any CPU
		{20ED0185-4478-488F-BC22-FD35352267D1}.Release|Any CPU.ActiveCfg = Release|Any CPU
		{20ED0185-4478-488F-BC22-FD35352267D1}.Release|Any CPU.Build.0 = Release|Any CPU
	EndGlobalSection
	GlobalSection(SolutionProperties) = preSolution
		HideSolutionNode = FALSE
	EndGlobalSection
	GlobalSection(ExtensibilityGlobals) = postSolution
		SolutionGuid = {C3A661D7-BD58-4B95-8875-759684F2FD26}
	EndGlobalSection
EndGlobal
